# This file was autogenerated by Stack.
# You should not edit this file by hand.
# For more information, please see the documentation at:
#   https://docs.haskellstack.org/en/stable/lock_files

packages:
- completed:
    hackage: taggy-0.2.1@sha256:7bc55ddba178971dc6052163597f0445a0a2b5b0ca0e84ce651d53d722e3c265,4662
    pantry-tree:
      size: 1667
      sha256: 0b3140ad52833bf8498da1bdc9745105128e109515a6102f87884c2d43b6f18d
  original:
    hackage: taggy-0.2.1@sha256:7bc55ddba178971dc6052163597f0445a0a2b5b0ca0e84ce651d53d722e3c265,4662
- completed:
    hackage: taggy-lens-0.1.2@sha256:091ca81d02bd3d7fb493dce0148e1a38f25eb178a1ebd751043a23239e5e3265,3009
    pantry-tree:
      size: 323
      sha256: 332730a4a17634a4d0948a68811e52bb9d5c61065181aed47aec6abd88c75871
  original:
    hackage: taggy-lens-0.1.2@sha256:091ca81d02bd3d7fb493dce0148e1a38f25eb178a1ebd751043a23239e5e3265,3009
snapshots:
- completed:
    size: 524154
    url: https://raw.githubusercontent.com/commercialhaskell/stackage-snapshots/master/lts/14/20.yaml
    sha256: 2f5099f69ddb6abfe64400fe1e6a604e8e628f55e6837211cd70a81eb0a8fa4d
  original: lts-14.20
