# This file was autogenerated by Stack.
# You should not edit this file by hand.
# For more information, please see the documentation at:
#   https://docs.haskellstack.org/en/stable/lock_files

packages:
- completed:
    hackage: barbies-2.0.0.0@sha256:673a2554477aafb79f6836e3f2c00cb2f1309d205985a5151ec818a5186b3a60,4233
    pantry-tree:
      size: 4126
      sha256: 4399f288b19035903567fbf0ffc41c65b8de81480832539d0590f24837ac1c04
  original:
    hackage: barbies-2.0.0.0@sha256:673a2554477aafb79f6836e3f2c00cb2f1309d205985a5151ec818a5186b3a60,4233
snapshots:
- completed:
    size: 524154
    url: https://raw.githubusercontent.com/commercialhaskell/stackage-snapshots/master/lts/14/20.yaml
    sha256: 2f5099f69ddb6abfe64400fe1e6a604e8e628f55e6837211cd70a81eb0a8fa4d
  original: lts-14.20
